
Microsoft Visual Studio Solution File, Format Version 12.00
# Visual Studio Version 17
VisualStudioVersion = 17.12.35527.113 d17.12
MinimumVisualStudioVersion = 10.0.40219.1
Project("{FAE04EC0-301F-11D3-BF4B-00C04F79EFBC}") = "C#3", "C#3\C#3.csproj", "{1AF661FB-8321-4A2D-92D8-CD651FAD2A17}"
EndProject
Project("{FAE04EC0-301F-11D3-BF4B-00C04F79EFBC}") = "A#3", "A#3\A#3.csproj", "{1230060A-0FE4-4C66-B69D-97038D9BC8E4}"
EndProject
Global
	GlobalSection(SolutionConfigurationPlatforms) = preSolution
		Debug|Any CPU = Debug|Any CPU
		Release|Any CPU = Release|Any CPU
	EndGlobalSection
	GlobalSection(ProjectConfigurationPlatforms) = postSolution
		{1AF661FB-8321-4A2D-92D8-CD651FAD2A17}.Debug|Any CPU.ActiveCfg = Debug|Any CPU
		{1AF661FB-8321-4A2D-92D8-CD651FAD2A17}.Debug|Any CPU.Build.0 = Debug|Any CPU
		{1AF661FB-8321-4A2D-92D8-CD651FAD2A17}.Release|Any CPU.ActiveCfg = Release|Any CPU
		{1AF661FB-8321-4A2D-92D8-CD651FAD2A17}.Release|Any CPU.Build.0 = Release|Any CPU
		{1230060A-0FE4-4C66-B69D-97038D9BC8E4}.Debug|Any CPU.ActiveCfg = Debug|Any CPU
		{1230060A-0FE4-4C66-B69D-97038D9BC8E4}.Debug|Any CPU.Build.0 = Debug|Any CPU
		{1230060A-0FE4-4C66-B69D-97038D9BC8E4}.Release|Any CPU.ActiveCfg = Release|Any CPU
		{1230060A-0FE4-4C66-B69D-97038D9BC8E4}.Release|Any CPU.Build.0 = Release|Any CPU
	EndGlobalSection
	GlobalSection(SolutionProperties) = preSolution
		HideSolutionNode = FALSE
	EndGlobalSection
EndGlobal
